
Microsoft Visual Studio Solution File, Format Version 12.00
# Visual Studio Version 16
VisualStudioVersion = 16.0.31321.278
MinimumVisualStudioVersion = 10.0.40219.1
Project("{FAE04EC0-301F-11D3-BF4B-00C04F79EFBC}") = "Bai 4.1 Pride Prejudice", "Bai 4.1 Pride Prejudice.csproj", "{EA341032-C656-48E5-8F11-16833E746537}"
EndProject
Global
	GlobalSection(SolutionConfigurationPlatforms) = preSolution
		Debug|Any CPU = Debug|Any CPU
		Release|Any CPU = Release|Any CPU
	EndGlobalSection
	GlobalSection(ProjectConfigurationPlatforms) = postSolution
		{EA341032-C656-48E5-8F11-16833E746537}.Debug|Any CPU.ActiveCfg = Debug|Any CPU
		{EA341032-C656-48E5-8F11-16833E746537}.Debug|Any CPU.Build.0 = Debug|Any CPU
		{EA341032-C656-48E5-8F11-16833E746537}.Release|Any CPU.ActiveCfg = Release|Any CPU
		{EA341032-C656-48E5-8F11-16833E746537}.Release|Any CPU.Build.0 = Release|Any CPU
	EndGlobalSection
	GlobalSection(SolutionProperties) = preSolution
		HideSolutionNode = FALSE
	EndGlobalSection
	GlobalSection(ExtensibilityGlobals) = postSolution
		SolutionGuid = {C56DDBFB-74E8-46D5-86FA-068C3DAE8C5B}
	EndGlobalSection
EndGlobal
